
Microsoft Visual Studio Solution File, Format Version 12.00
# Visual Studio 14
VisualStudioVersion = 14.0.24720.0
MinimumVisualStudioVersion = 10.0.40219.1
Project("{FAE04EC0-301F-11D3-BF4B-00C04F79EFBC}") = "DotNetJWTEncoder", "DotNetJWTEncoder.csproj", "{2016E237-B9AC-45E4-88A9-9D5909BCE19A}"
EndProject
Global
	GlobalSection(SolutionConfigurationPlatforms) = preSolution
		Debug|Any CPU = Debug|Any CPU
		Release|Any CPU = Release|Any CPU
	EndGlobalSection
	GlobalSection(ProjectConfigurationPlatforms) = postSolution
		{2016E237-B9AC-45E4-88A9-9D5909BCE19A}.Debug|Any CPU.ActiveCfg = Debug|Any CPU
		{2016E237-B9AC-45E4-88A9-9D5909BCE19A}.Debug|Any CPU.Build.0 = Debug|Any CPU
		{2016E237-B9AC-45E4-88A9-9D5909BCE19A}.Release|Any CPU.ActiveCfg = Release|Any CPU
		{2016E237-B9AC-45E4-88A9-9D5909BCE19A}.Release|Any CPU.Build.0 = Release|Any CPU
	EndGlobalSection
	GlobalSection(SolutionProperties) = preSolution
		HideSolutionNode = FALSE
	EndGlobalSection
EndGlobal
